
Microsoft Visual Studio Solution File, Format Version 12.00
# Visual Studio Version 17
VisualStudioVersion = 17.7.34031.279
MinimumVisualStudioVersion = 10.0.40219.1
Project("{FAE04EC0-301F-11D3-BF4B-00C04F79EFBC}") = "Layout Android Bug", "Layout Android Bug\Layout Android Bug.csproj", "{43CFFD26-908D-448F-9819-864F785F8DE2}"
EndProject
Global
	GlobalSection(SolutionConfigurationPlatforms) = preSolution
		Debug|Any CPU = Debug|Any CPU
		Release|Any CPU = Release|Any CPU
	EndGlobalSection
	GlobalSection(ProjectConfigurationPlatforms) = postSolution
		{43CFFD26-908D-448F-9819-864F785F8DE2}.Debug|Any CPU.ActiveCfg = Debug|Any CPU
		{43CFFD26-908D-448F-9819-864F785F8DE2}.Debug|Any CPU.Build.0 = Debug|Any CPU
		{43CFFD26-908D-448F-9819-864F785F8DE2}.Debug|Any CPU.Deploy.0 = Debug|Any CPU
		{43CFFD26-908D-448F-9819-864F785F8DE2}.Release|Any CPU.ActiveCfg = Release|Any CPU
		{43CFFD26-908D-448F-9819-864F785F8DE2}.Release|Any CPU.Build.0 = Release|Any CPU
		{43CFFD26-908D-448F-9819-864F785F8DE2}.Release|Any CPU.Deploy.0 = Release|Any CPU
	EndGlobalSection
	GlobalSection(SolutionProperties) = preSolution
		HideSolutionNode = FALSE
	EndGlobalSection
	GlobalSection(ExtensibilityGlobals) = postSolution
		SolutionGuid = {5576D3FE-8C94-4288-A5DF-06CD29DFD20F}
	EndGlobalSection
EndGlobal
